
Microsoft Visual Studio Solution File, Format Version 12.00
# Visual Studio Version 17
VisualStudioVersion = 17.5.33424.131
MinimumVisualStudioVersion = 10.0.40219.1
Project("{9A19103F-16F7-4668-BE54-9A1E7A4F7556}") = "SalesWebMvc", "SalesWebMvc\SalesWebMvc.csproj", "{A1167A2F-8642-4B1E-88A0-18E490164218}"
EndProject
Project("{9A19103F-16F7-4668-BE54-9A1E7A4F7556}") = "SalesWebMvc.Infra.Data", "SalesWebMvc.Infra.Data\SalesWebMvc.Infra.Data.csproj", "{EE608266-B40D-4848-B46D-DBAB61B24DEF}"
EndProject
Project("{9A19103F-16F7-4668-BE54-9A1E7A4F7556}") = "SalesWebMvc.Dominio", "SalesWebMvc.Dominio\SalesWebMvc.Dominio.csproj", "{B0AF211A-C6F0-46B2-A8AA-9BCDD9C6BADE}"
EndProject
Project("{9A19103F-16F7-4668-BE54-9A1E7A4F7556}") = "SalesWebMvc.Aplicacao", "SalesWebMvc.Aplicacao\SalesWebMvc.Aplicacao.csproj", "{29C7BEC5-DA7D-4F4D-8FDB-AE93496D34EE}"
EndProject
Project("{FAE04EC0-301F-11D3-BF4B-00C04F79EFBC}") = "SalesWebMvc.Ioc", "SalesWebMvc.Ioc\SalesWebMvc.Ioc.csproj", "{1E86A59E-BAA4-4063-9E76-BFC1603FA534}"
EndProject
Project("{FAE04EC0-301F-11D3-BF4B-00C04F79EFBC}") = "SalesWebMvc.ViewModels", "SalesWebMvc.ViewsModels\SalesWebMvc.ViewModels.csproj", "{E101B9DB-B6E3-438C-AEBD-934A41ACC9D8}"
EndProject
Global
	GlobalSection(SolutionConfigurationPlatforms) = preSolution
		Debug|Any CPU = Debug|Any CPU
		Release|Any CPU = Release|Any CPU
	EndGlobalSection
	GlobalSection(ProjectConfigurationPlatforms) = postSolution
		{A1167A2F-8642-4B1E-88A0-18E490164218}.Debug|Any CPU.ActiveCfg = Debug|Any CPU
		{A1167A2F-8642-4B1E-88A0-18E490164218}.Debug|Any CPU.Build.0 = Debug|Any CPU
		{A1167A2F-8642-4B1E-88A0-18E490164218}.Release|Any CPU.ActiveCfg = Release|Any CPU
		{A1167A2F-8642-4B1E-88A0-18E490164218}.Release|Any CPU.Build.0 = Release|Any CPU
		{EE608266-B40D-4848-B46D-DBAB61B24DEF}.Debug|Any CPU.ActiveCfg = Debug|Any CPU
		{EE608266-B40D-4848-B46D-DBAB61B24DEF}.Debug|Any CPU.Build.0 = Debug|Any CPU
		{EE608266-B40D-4848-B46D-DBAB61B24DEF}.Release|Any CPU.ActiveCfg = Release|Any CPU
		{EE608266-B40D-4848-B46D-DBAB61B24DEF}.Release|Any CPU.Build.0 = Release|Any CPU
		{B0AF211A-C6F0-46B2-A8AA-9BCDD9C6BADE}.Debug|Any CPU.ActiveCfg = Debug|Any CPU
		{B0AF211A-C6F0-46B2-A8AA-9BCDD9C6BADE}.Debug|Any CPU.Build.0 = Debug|Any CPU
		{B0AF211A-C6F0-46B2-A8AA-9BCDD9C6BADE}.Release|Any CPU.ActiveCfg = Release|Any CPU
		{B0AF211A-C6F0-46B2-A8AA-9BCDD9C6BADE}.Release|Any CPU.Build.0 = Release|Any CPU
		{29C7BEC5-DA7D-4F4D-8FDB-AE93496D34EE}.Debug|Any CPU.ActiveCfg = Debug|Any CPU
		{29C7BEC5-DA7D-4F4D-8FDB-AE93496D34EE}.Debug|Any CPU.Build.0 = Debug|Any CPU
		{29C7BEC5-DA7D-4F4D-8FDB-AE93496D34EE}.Release|Any CPU.ActiveCfg = Release|Any CPU
		{29C7BEC5-DA7D-4F4D-8FDB-AE93496D34EE}.Release|Any CPU.Build.0 = Release|Any CPU
		{1E86A59E-BAA4-4063-9E76-BFC1603FA534}.Debug|Any CPU.ActiveCfg = Debug|Any CPU
		{1E86A59E-BAA4-4063-9E76-BFC1603FA534}.Debug|Any CPU.Build.0 = Debug|Any CPU
		{1E86A59E-BAA4-4063-9E76-BFC1603FA534}.Release|Any CPU.ActiveCfg = Release|Any CPU
		{1E86A59E-BAA4-4063-9E76-BFC1603FA534}.Release|Any CPU.Build.0 = Release|Any CPU
		{E101B9DB-B6E3-438C-AEBD-934A41ACC9D8}.Debug|Any CPU.ActiveCfg = Debug|Any CPU
		{E101B9DB-B6E3-438C-AEBD-934A41ACC9D8}.Debug|Any CPU.Build.0 = Debug|Any CPU
		{E101B9DB-B6E3-438C-AEBD-934A41ACC9D8}.Release|Any CPU.ActiveCfg = Release|Any CPU
		{E101B9DB-B6E3-438C-AEBD-934A41ACC9D8}.Release|Any CPU.Build.0 = Release|Any CPU
	EndGlobalSection
	GlobalSection(SolutionProperties) = preSolution
		HideSolutionNode = FALSE
	EndGlobalSection
	GlobalSection(ExtensibilityGlobals) = postSolution
		SolutionGuid = {A93FEC42-C816-45E0-91CD-BA8BA58874DF}
	EndGlobalSection
EndGlobal
